
Microsoft Visual Studio Solution File, Format Version 12.00
# Visual Studio Version 17
VisualStudioVersion = 17.13.35919.96
MinimumVisualStudioVersion = 10.0.40219.1
Project("{2150E333-8FDC-42A3-9474-1A3956D46DE8}") = "Services", "Services", "{02EA681E-C7D8-13C7-8484-4AC65E1B71E8}"
EndProject
Project("{2150E333-8FDC-42A3-9474-1A3956D46DE8}") = "CustomerService", "CustomerService", "{AB74EEFC-50E8-4EC4-9A25-6C2578CD78E8}"
EndProject
Project("{2150E333-8FDC-42A3-9474-1A3956D46DE8}") = "OrderService", "OrderService", "{0EE4FA73-6E1E-4882-B1F8-645D575A4163}"
EndProject
Project("{2150E333-8FDC-42A3-9474-1A3956D46DE8}") = "PaymentService", "PaymentService", "{11586995-03DE-4051-B9ED-A89AFFBE9851}"
EndProject
Project("{FAE04EC0-301F-11D3-BF4B-00C04F79EFBC}") = "Shared", "Shared\Shared.csproj", "{D46446BF-CD40-476D-BE8B-A4C100740079}"
EndProject
Project("{2150E333-8FDC-42A3-9474-1A3956D46DE8}") = "Docker", "Docker", "{8EC462FD-D22E-90A8-E5CE-7E832BA40C5D}"
	ProjectSection(SolutionItems) = preProject
		docker-compose.yml = docker-compose.yml
	EndProjectSection
EndProject
Project("{FAE04EC0-301F-11D3-BF4B-00C04F79EFBC}") = "CustomerService.API", "Services\CustomerService\CustomerService.API\CustomerService.API.csproj", "{96272230-830E-64DB-B8BE-61D691EEB06F}"
EndProject
Project("{FAE04EC0-301F-11D3-BF4B-00C04F79EFBC}") = "CustomerService.Application", "Services\CustomerService\CustomerService.Application\CustomerService.Application.csproj", "{A64C35E2-5FD9-4639-81DB-DE69E43765D2}"
EndProject
Project("{FAE04EC0-301F-11D3-BF4B-00C04F79EFBC}") = "CustomerService.Domain", "Services\CustomerService\CustomerService.Domain\CustomerService.Domain.csproj", "{B44ACC7C-49B2-815F-1E7E-EA0C4065670B}"
EndProject
Project("{FAE04EC0-301F-11D3-BF4B-00C04F79EFBC}") = "CustomerService.Infrastructure", "Services\CustomerService\CustomerService.Infrastructure\CustomerService.Infrastructure.csproj", "{6C467F6D-B697-8274-5542-05244448F46E}"
EndProject
Project("{FAE04EC0-301F-11D3-BF4B-00C04F79EFBC}") = "OrderService.API", "Services\OrderService\OrderService.API\OrderService.API.csproj", "{E9B37B21-C63C-4364-E8A3-6AA4DBF47AB3}"
EndProject
Project("{FAE04EC0-301F-11D3-BF4B-00C04F79EFBC}") = "OrderService.Application", "Services\OrderService\OrderService.Application\OrderService.Application.csproj", "{0B63DC38-AB6A-899E-040E-6A293B8BBDF2}"
EndProject
Project("{FAE04EC0-301F-11D3-BF4B-00C04F79EFBC}") = "OrderService.Domain", "Services\OrderService\OrderService.Domain\OrderService.Domain.csproj", "{9340443A-5106-98F9-6B66-8BB97FA0CB52}"
EndProject
Project("{FAE04EC0-301F-11D3-BF4B-00C04F79EFBC}") = "OrderService.Infrastructure", "Services\OrderService\OrderService.Infrastructure\OrderService.Infrastructure.csproj", "{B4737EB3-FB8E-E09C-346A-E105E53C2939}"
EndProject
Project("{FAE04EC0-301F-11D3-BF4B-00C04F79EFBC}") = "PaymentService.API", "Services\PaymentService\PaymentService.API\PaymentService.API.csproj", "{F31DDD39-7A72-9FE8-3561-44B5B02F1EC6}"
EndProject
Project("{FAE04EC0-301F-11D3-BF4B-00C04F79EFBC}") = "PaymentService.Application", "Services\PaymentService\PaymentService.Application\PaymentService.Application.csproj", "{14FF9665-ABB8-4A98-746C-DF3BAFC40F65}"
EndProject
Project("{FAE04EC0-301F-11D3-BF4B-00C04F79EFBC}") = "PaymentService.Domain", "Services\PaymentService\PaymentService.Domain\PaymentService.Domain.csproj", "{01AC19B5-26D9-5346-FF9A-F08E54786FE9}"
EndProject
Project("{FAE04EC0-301F-11D3-BF4B-00C04F79EFBC}") = "PaymentService.Infrastructure", "Services\PaymentService\PaymentService.Infrastructure\PaymentService.Infrastructure.csproj", "{3FAB3F43-BFF7-A3B0-8CA7-85793EB0C8C9}"
EndProject
Global
	GlobalSection(SolutionConfigurationPlatforms) = preSolution
		Debug|Any CPU = Debug|Any CPU
		Release|Any CPU = Release|Any CPU
	EndGlobalSection
	GlobalSection(ProjectConfigurationPlatforms) = postSolution
		{D46446BF-CD40-476D-BE8B-A4C100740079}.Debug|Any CPU.ActiveCfg = Debug|Any CPU
		{D46446BF-CD40-476D-BE8B-A4C100740079}.Debug|Any CPU.Build.0 = Debug|Any CPU
		{D46446BF-CD40-476D-BE8B-A4C100740079}.Release|Any CPU.ActiveCfg = Release|Any CPU
		{D46446BF-CD40-476D-BE8B-A4C100740079}.Release|Any CPU.Build.0 = Release|Any CPU
		{96272230-830E-64DB-B8BE-61D691EEB06F}.Debug|Any CPU.ActiveCfg = Debug|Any CPU
		{96272230-830E-64DB-B8BE-61D691EEB06F}.Debug|Any CPU.Build.0 = Debug|Any CPU
		{96272230-830E-64DB-B8BE-61D691EEB06F}.Release|Any CPU.ActiveCfg = Release|Any CPU
		{96272230-830E-64DB-B8BE-61D691EEB06F}.Release|Any CPU.Build.0 = Release|Any CPU
		{A64C35E2-5FD9-4639-81DB-DE69E43765D2}.Debug|Any CPU.ActiveCfg = Debug|Any CPU
		{A64C35E2-5FD9-4639-81DB-DE69E43765D2}.Debug|Any CPU.Build.0 = Debug|Any CPU
		{A64C35E2-5FD9-4639-81DB-DE69E43765D2}.Release|Any CPU.ActiveCfg = Release|Any CPU
		{A64C35E2-5FD9-4639-81DB-DE69E43765D2}.Release|Any CPU.Build.0 = Release|Any CPU
		{B44ACC7C-49B2-815F-1E7E-EA0C4065670B}.Debug|Any CPU.ActiveCfg = Debug|Any CPU
		{B44ACC7C-49B2-815F-1E7E-EA0C4065670B}.Debug|Any CPU.Build.0 = Debug|Any CPU
		{B44ACC7C-49B2-815F-1E7E-EA0C4065670B}.Release|Any CPU.ActiveCfg = Release|Any CPU
		{B44ACC7C-49B2-815F-1E7E-EA0C4065670B}.Release|Any CPU.Build.0 = Release|Any CPU
		{6C467F6D-B697-8274-5542-05244448F46E}.Debug|Any CPU.ActiveCfg = Debug|Any CPU
		{6C467F6D-B697-8274-5542-05244448F46E}.Debug|Any CPU.Build.0 = Debug|Any CPU
		{6C467F6D-B697-8274-5542-05244448F46E}.Release|Any CPU.ActiveCfg = Release|Any CPU
		{6C467F6D-B697-8274-5542-05244448F46E}.Release|Any CPU.Build.0 = Release|Any CPU
		{E9B37B21-C63C-4364-E8A3-6AA4DBF47AB3}.Debug|Any CPU.ActiveCfg = Debug|Any CPU
		{E9B37B21-C63C-4364-E8A3-6AA4DBF47AB3}.Debug|Any CPU.Build.0 = Debug|Any CPU
		{E9B37B21-C63C-4364-E8A3-6AA4DBF47AB3}.Release|Any CPU.ActiveCfg = Release|Any CPU
		{E9B37B21-C63C-4364-E8A3-6AA4DBF47AB3}.Release|Any CPU.Build.0 = Release|Any CPU
		{0B63DC38-AB6A-899E-040E-6A293B8BBDF2}.Debug|Any CPU.ActiveCfg = Debug|Any CPU
		{0B63DC38-AB6A-899E-040E-6A293B8BBDF2}.Debug|Any CPU.Build.0 = Debug|Any CPU
		{0B63DC38-AB6A-899E-040E-6A293B8BBDF2}.Release|Any CPU.ActiveCfg = Release|Any CPU
		{0B63DC38-AB6A-899E-040E-6A293B8BBDF2}.Release|Any CPU.Build.0 = Release|Any CPU
		{9340443A-5106-98F9-6B66-8BB97FA0CB52}.Debug|Any CPU.ActiveCfg = Debug|Any CPU
		{9340443A-5106-98F9-6B66-8BB97FA0CB52}.Debug|Any CPU.Build.0 = Debug|Any CPU
		{9340443A-5106-98F9-6B66-8BB97FA0CB52}.Release|Any CPU.ActiveCfg = Release|Any CPU
		{9340443A-5106-98F9-6B66-8BB97FA0CB52}.Release|Any CPU.Build.0 = Release|Any CPU
		{B4737EB3-FB8E-E09C-346A-E105E53C2939}.Debug|Any CPU.ActiveCfg = Debug|Any CPU
		{B4737EB3-FB8E-E09C-346A-E105E53C2939}.Debug|Any CPU.Build.0 = Debug|Any CPU
		{B4737EB3-FB8E-E09C-346A-E105E53C2939}.Release|Any CPU.ActiveCfg = Release|Any CPU
		{B4737EB3-FB8E-E09C-346A-E105E53C2939}.Release|Any CPU.Build.0 = Release|Any CPU
		{F31DDD39-7A72-9FE8-3561-44B5B02F1EC6}.Debug|Any CPU.ActiveCfg = Debug|Any CPU
		{F31DDD39-7A72-9FE8-3561-44B5B02F1EC6}.Debug|Any CPU.Build.0 = Debug|Any CPU
		{F31DDD39-7A72-9FE8-3561-44B5B02F1EC6}.Release|Any CPU.ActiveCfg = Release|Any CPU
		{F31DDD39-7A72-9FE8-3561-44B5B02F1EC6}.Release|Any CPU.Build.0 = Release|Any CPU
		{14FF9665-ABB8-4A98-746C-DF3BAFC40F65}.Debug|Any CPU.ActiveCfg = Debug|Any CPU
		{14FF9665-ABB8-4A98-746C-DF3BAFC40F65}.Debug|Any CPU.Build.0 = Debug|Any CPU
		{14FF9665-ABB8-4A98-746C-DF3BAFC40F65}.Release|Any CPU.ActiveCfg = Release|Any CPU
		{14FF9665-ABB8-4A98-746C-DF3BAFC40F65}.Release|Any CPU.Build.0 = Release|Any CPU
		{01AC19B5-26D9-5346-FF9A-F08E54786FE9}.Debug|Any CPU.ActiveCfg = Debug|Any CPU
		{01AC19B5-26D9-5346-FF9A-F08E54786FE9}.Debug|Any CPU.Build.0 = Debug|Any CPU
		{01AC19B5-26D9-5346-FF9A-F08E54786FE9}.Release|Any CPU.ActiveCfg = Release|Any CPU
		{01AC19B5-26D9-5346-FF9A-F08E54786FE9}.Release|Any CPU.Build.0 = Release|Any CPU
		{3FAB3F43-BFF7-A3B0-8CA7-85793EB0C8C9}.Debug|Any CPU.ActiveCfg = Debug|Any CPU
		{3FAB3F43-BFF7-A3B0-8CA7-85793EB0C8C9}.Debug|Any CPU.Build.0 = Debug|Any CPU
		{3FAB3F43-BFF7-A3B0-8CA7-85793EB0C8C9}.Release|Any CPU.ActiveCfg = Release|Any CPU
		{3FAB3F43-BFF7-A3B0-8CA7-85793EB0C8C9}.Release|Any CPU.Build.0 = Release|Any CPU
	EndGlobalSection
	GlobalSection(SolutionProperties) = preSolution
		HideSolutionNode = FALSE
	EndGlobalSection
	GlobalSection(NestedProjects) = preSolution
		{AB74EEFC-50E8-4EC4-9A25-6C2578CD78E8} = {02EA681E-C7D8-13C7-8484-4AC65E1B71E8}
		{0EE4FA73-6E1E-4882-B1F8-645D575A4163} = {02EA681E-C7D8-13C7-8484-4AC65E1B71E8}
		{11586995-03DE-4051-B9ED-A89AFFBE9851} = {02EA681E-C7D8-13C7-8484-4AC65E1B71E8}
		{D46446BF-CD40-476D-BE8B-A4C100740079} = {02EA681E-C7D8-13C7-8484-4AC65E1B71E8}
		{96272230-830E-64DB-B8BE-61D691EEB06F} = {AB74EEFC-50E8-4EC4-9A25-6C2578CD78E8}
		{A64C35E2-5FD9-4639-81DB-DE69E43765D2} = {AB74EEFC-50E8-4EC4-9A25-6C2578CD78E8}
		{B44ACC7C-49B2-815F-1E7E-EA0C4065670B} = {AB74EEFC-50E8-4EC4-9A25-6C2578CD78E8}
		{6C467F6D-B697-8274-5542-05244448F46E} = {AB74EEFC-50E8-4EC4-9A25-6C2578CD78E8}
		{E9B37B21-C63C-4364-E8A3-6AA4DBF47AB3} = {0EE4FA73-6E1E-4882-B1F8-645D575A4163}
		{0B63DC38-AB6A-899E-040E-6A293B8BBDF2} = {0EE4FA73-6E1E-4882-B1F8-645D575A4163}
		{9340443A-5106-98F9-6B66-8BB97FA0CB52} = {0EE4FA73-6E1E-4882-B1F8-645D575A4163}
		{B4737EB3-FB8E-E09C-346A-E105E53C2939} = {0EE4FA73-6E1E-4882-B1F8-645D575A4163}
		{F31DDD39-7A72-9FE8-3561-44B5B02F1EC6} = {11586995-03DE-4051-B9ED-A89AFFBE9851}
		{14FF9665-ABB8-4A98-746C-DF3BAFC40F65} = {11586995-03DE-4051-B9ED-A89AFFBE9851}
		{01AC19B5-26D9-5346-FF9A-F08E54786FE9} = {11586995-03DE-4051-B9ED-A89AFFBE9851}
		{3FAB3F43-BFF7-A3B0-8CA7-85793EB0C8C9} = {11586995-03DE-4051-B9ED-A89AFFBE9851}
	EndGlobalSection
	GlobalSection(ExtensibilityGlobals) = postSolution
		SolutionGuid = {16E77263-0261-4C18-A337-FCC3476DD58E}
	EndGlobalSection
EndGlobal
